github.com/andybalholm/brotli v1.0.6 h1:Yf9fFpf49Zrxb9NlQaluyE92/+X7UVHlhMNJN2sxfOI=
github.com/andybalholm/brotli v1.0.6/go.mod h1:fO7iG3H7G2nSZ7m0zPUDn85XEX2GTukHGRSepvi9Eig=
github.com/google/brotli/go/cbrotli v0.0.0-20231026090320-9b83be233e0e h1:q7hxkkc0sikXStQES2u4sYPVuNGMj8NUagcKAZp0sDI=
github.com/google/brotli/go/cbrotli v0.0.0-20231026090320-9b83be233e0e/go.mod h1:nOPhAkwVliJdNTkj3gXpljmWhjc4wCaVqbMJcPKWP4s=
